# This file is automatically @generated by Cargo.
# It is not intended for manual editing.
version = 3

[[package]]
name = "clipboard-win"
version = "5.3.0"
source = "registry+https://github.com/rust-lang/crates.io-index"
checksum = "d517d4b86184dbb111d3556a10f1c8a04da7428d2987bf1081602bf11c3aa9ee"
dependencies = [
 "error-code",
]

[[package]]
name = "error-code"
version = "3.2.0"
source = "registry+https://github.com/rust-lang/crates.io-index"
checksum = "a0474425d51df81997e2f90a21591180b38eccf27292d755f3e30750225c175b"

[[package]]
name = "uclip"
version = "0.1.0"
dependencies = [
 "clipboard-win",
]
